
Microsoft Visual Studio Solution File, Format Version 12.00
# Visual Studio Version 16
VisualStudioVersion = 16.0.28803.352
MinimumVisualStudioVersion = 10.0.40219.1
Project("{9A19103F-16F7-4668-BE54-9A1E7A4F7556}") = "hesanta.AI.GA.Domain", "hesanta.AI.GeneticAlgorithm.Domain\hesanta.AI.GA.Domain.csproj", "{B1D5D7D2-DC50-4995-81AE-DAB75A7B4D5B}"
EndProject
Project("{9A19103F-16F7-4668-BE54-9A1E7A4F7556}") = "hesanta.AI.GA.Application", "hesanta.AI.GeneticAlgorithm.Application\hesanta.AI.GA.Application.csproj", "{6244D04D-1433-49E2-81AF-6F0710627A35}"
EndProject
Project("{9A19103F-16F7-4668-BE54-9A1E7A4F7556}") = "Example", "Example\Example.csproj", "{7DDF2EBE-E14A-42BA-9C22-EE445DAEEBF5}"
EndProject
Project("{FAE04EC0-301F-11D3-BF4B-00C04F79EFBC}") = "GeneticCodeConsole", "GeneticCodeConsole\GeneticCodeConsole.csproj", "{0CB32EF4-51F8-460C-8B27-A02CA3AE892C}"
EndProject
Global
	GlobalSection(SolutionConfigurationPlatforms) = preSolution
		Debug|Any CPU = Debug|Any CPU
		Release|Any CPU = Release|Any CPU
	EndGlobalSection
	GlobalSection(ProjectConfigurationPlatforms) = postSolution
		{B1D5D7D2-DC50-4995-81AE-DAB75A7B4D5B}.Debug|Any CPU.ActiveCfg = Debug|Any CPU
		{B1D5D7D2-DC50-4995-81AE-DAB75A7B4D5B}.Debug|Any CPU.Build.0 = Debug|Any CPU
		{B1D5D7D2-DC50-4995-81AE-DAB75A7B4D5B}.Release|Any CPU.ActiveCfg = Release|Any CPU
		{B1D5D7D2-DC50-4995-81AE-DAB75A7B4D5B}.Release|Any CPU.Build.0 = Release|Any CPU
		{6244D04D-1433-49E2-81AF-6F0710627A35}.Debug|Any CPU.ActiveCfg = Debug|Any CPU
		{6244D04D-1433-49E2-81AF-6F0710627A35}.Debug|Any CPU.Build.0 = Debug|Any CPU
		{6244D04D-1433-49E2-81AF-6F0710627A35}.Release|Any CPU.ActiveCfg = Release|Any CPU
		{6244D04D-1433-49E2-81AF-6F0710627A35}.Release|Any CPU.Build.0 = Release|Any CPU
		{7DDF2EBE-E14A-42BA-9C22-EE445DAEEBF5}.Debug|Any CPU.ActiveCfg = Debug|Any CPU
		{7DDF2EBE-E14A-42BA-9C22-EE445DAEEBF5}.Debug|Any CPU.Build.0 = Debug|Any CPU
		{7DDF2EBE-E14A-42BA-9C22-EE445DAEEBF5}.Release|Any CPU.ActiveCfg = Release|Any CPU
		{7DDF2EBE-E14A-42BA-9C22-EE445DAEEBF5}.Release|Any CPU.Build.0 = Release|Any CPU
		{0CB32EF4-51F8-460C-8B27-A02CA3AE892C}.Debug|Any CPU.ActiveCfg = Debug|Any CPU
		{0CB32EF4-51F8-460C-8B27-A02CA3AE892C}.Debug|Any CPU.Build.0 = Debug|Any CPU
		{0CB32EF4-51F8-460C-8B27-A02CA3AE892C}.Release|Any CPU.ActiveCfg = Release|Any CPU
		{0CB32EF4-51F8-460C-8B27-A02CA3AE892C}.Release|Any CPU.Build.0 = Release|Any CPU
	EndGlobalSection
	GlobalSection(SolutionProperties) = preSolution
		HideSolutionNode = FALSE
	EndGlobalSection
	GlobalSection(ExtensibilityGlobals) = postSolution
		SolutionGuid = {915D255B-8642-4648-9E0F-B2C711C5E239}
	EndGlobalSection
EndGlobal
