
Microsoft Visual Studio Solution File, Format Version 12.00
# Visual Studio Version 16
VisualStudioVersion = 16.0.28803.352
MinimumVisualStudioVersion = 10.0.40219.1
Project("{9A19103F-16F7-4668-BE54-9A1E7A4F7556}") = "Example", "Example\Example.csproj", "{7DDF2EBE-E14A-42BA-9C22-EE445DAEEBF5}"
EndProject
Project("{9A19103F-16F7-4668-BE54-9A1E7A4F7556}") = "GeneticCodeConsole", "GeneticCodeConsole\GeneticCodeConsole.csproj", "{0CB32EF4-51F8-460C-8B27-A02CA3AE892C}"
EndProject
Project("{2150E333-8FDC-42A3-9474-1A3956D46DE8}") = "src", "src", "{C00870A1-A794-4141-B72C-8EBD950F3BC9}"
EndProject
Project("{2150E333-8FDC-42A3-9474-1A3956D46DE8}") = "lib", "lib", "{B2DAD80F-86D7-4EEA-82B0-A811588B1D6C}"
EndProject
Project("{2150E333-8FDC-42A3-9474-1A3956D46DE8}") = "src", "src", "{8E0A7789-44D8-43A2-9A94-6E2F88621141}"
EndProject
Project("{9A19103F-16F7-4668-BE54-9A1E7A4F7556}") = "hesanta.AI.GA.Application", "..\lib\src\hesanta.AI.GeneticAlgorithm.Application\hesanta.AI.GA.Application.csproj", "{547F768A-C6D4-4B18-9CE1-B7AC2AF85748}"
EndProject
Project("{9A19103F-16F7-4668-BE54-9A1E7A4F7556}") = "hesanta.AI.GA.Domain", "..\lib\src\hesanta.AI.GeneticAlgorithm.Domain\hesanta.AI.GA.Domain.csproj", "{4BD1A445-6B62-42DA-A550-7A1344BA3AD0}"
EndProject
Global
	GlobalSection(SolutionConfigurationPlatforms) = preSolution
		Debug|Any CPU = Debug|Any CPU
		Release|Any CPU = Release|Any CPU
	EndGlobalSection
	GlobalSection(ProjectConfigurationPlatforms) = postSolution
		{7DDF2EBE-E14A-42BA-9C22-EE445DAEEBF5}.Debug|Any CPU.ActiveCfg = Debug|Any CPU
		{7DDF2EBE-E14A-42BA-9C22-EE445DAEEBF5}.Debug|Any CPU.Build.0 = Debug|Any CPU
		{7DDF2EBE-E14A-42BA-9C22-EE445DAEEBF5}.Release|Any CPU.ActiveCfg = Release|Any CPU
		{7DDF2EBE-E14A-42BA-9C22-EE445DAEEBF5}.Release|Any CPU.Build.0 = Release|Any CPU
		{0CB32EF4-51F8-460C-8B27-A02CA3AE892C}.Debug|Any CPU.ActiveCfg = Debug|Any CPU
		{0CB32EF4-51F8-460C-8B27-A02CA3AE892C}.Debug|Any CPU.Build.0 = Debug|Any CPU
		{0CB32EF4-51F8-460C-8B27-A02CA3AE892C}.Release|Any CPU.ActiveCfg = Release|Any CPU
		{0CB32EF4-51F8-460C-8B27-A02CA3AE892C}.Release|Any CPU.Build.0 = Release|Any CPU
		{547F768A-C6D4-4B18-9CE1-B7AC2AF85748}.Debug|Any CPU.ActiveCfg = Debug|Any CPU
		{547F768A-C6D4-4B18-9CE1-B7AC2AF85748}.Debug|Any CPU.Build.0 = Debug|Any CPU
		{547F768A-C6D4-4B18-9CE1-B7AC2AF85748}.Release|Any CPU.ActiveCfg = Release|Any CPU
		{547F768A-C6D4-4B18-9CE1-B7AC2AF85748}.Release|Any CPU.Build.0 = Release|Any CPU
		{4BD1A445-6B62-42DA-A550-7A1344BA3AD0}.Debug|Any CPU.ActiveCfg = Debug|Any CPU
		{4BD1A445-6B62-42DA-A550-7A1344BA3AD0}.Debug|Any CPU.Build.0 = Debug|Any CPU
		{4BD1A445-6B62-42DA-A550-7A1344BA3AD0}.Release|Any CPU.ActiveCfg = Release|Any CPU
		{4BD1A445-6B62-42DA-A550-7A1344BA3AD0}.Release|Any CPU.Build.0 = Release|Any CPU
	EndGlobalSection
	GlobalSection(SolutionProperties) = preSolution
		HideSolutionNode = FALSE
	EndGlobalSection
	GlobalSection(NestedProjects) = preSolution
		{7DDF2EBE-E14A-42BA-9C22-EE445DAEEBF5} = {C00870A1-A794-4141-B72C-8EBD950F3BC9}
		{0CB32EF4-51F8-460C-8B27-A02CA3AE892C} = {C00870A1-A794-4141-B72C-8EBD950F3BC9}
		{8E0A7789-44D8-43A2-9A94-6E2F88621141} = {B2DAD80F-86D7-4EEA-82B0-A811588B1D6C}
		{547F768A-C6D4-4B18-9CE1-B7AC2AF85748} = {8E0A7789-44D8-43A2-9A94-6E2F88621141}
		{4BD1A445-6B62-42DA-A550-7A1344BA3AD0} = {8E0A7789-44D8-43A2-9A94-6E2F88621141}
	EndGlobalSection
	GlobalSection(ExtensibilityGlobals) = postSolution
		SolutionGuid = {915D255B-8642-4648-9E0F-B2C711C5E239}
	EndGlobalSection
EndGlobal
