
Microsoft Visual Studio Solution File, Format Version 12.00
# Visual Studio Version 17
VisualStudioVersion = 17.5.33516.290
MinimumVisualStudioVersion = 10.0.40219.1
Project("{9A19103F-16F7-4668-BE54-9A1E7A4F7556}") = "Example", "Example\Example.csproj", "{7DDF2EBE-E14A-42BA-9C22-EE445DAEEBF5}"
EndProject
Project("{2150E333-8FDC-42A3-9474-1A3956D46DE8}") = "src", "src", "{C00870A1-A794-4141-B72C-8EBD950F3BC9}"
EndProject
Project("{2150E333-8FDC-42A3-9474-1A3956D46DE8}") = "lib", "lib", "{B2DAD80F-86D7-4EEA-82B0-A811588B1D6C}"
EndProject
Project("{2150E333-8FDC-42A3-9474-1A3956D46DE8}") = "src", "src", "{8E0A7789-44D8-43A2-9A94-6E2F88621141}"
EndProject
Project("{9A19103F-16F7-4668-BE54-9A1E7A4F7556}") = "hesanta.AI.GeneticAlgorithm", "..\lib\src\hesanta.AI.GeneticAlgorithm\hesanta.AI.GeneticAlgorithm.csproj", "{1102BD8C-4E2D-410B-B995-FD421365A873}"
EndProject
Project("{9A19103F-16F7-4668-BE54-9A1E7A4F7556}") = "hesanta.AI.GeneticAlgorithm.Console", "..\lib\src\hesanta.AI.GeneticAlgorithm.Console\hesanta.AI.GeneticAlgorithm.Console.csproj", "{5E5B2197-003E-439C-8DAE-08A6EE13BE52}"
EndProject
Global
	GlobalSection(SolutionConfigurationPlatforms) = preSolution
		Debug|Any CPU = Debug|Any CPU
		Release|Any CPU = Release|Any CPU
	EndGlobalSection
	GlobalSection(ProjectConfigurationPlatforms) = postSolution
		{7DDF2EBE-E14A-42BA-9C22-EE445DAEEBF5}.Debug|Any CPU.ActiveCfg = Debug|Any CPU
		{7DDF2EBE-E14A-42BA-9C22-EE445DAEEBF5}.Debug|Any CPU.Build.0 = Debug|Any CPU
		{7DDF2EBE-E14A-42BA-9C22-EE445DAEEBF5}.Release|Any CPU.ActiveCfg = Release|Any CPU
		{7DDF2EBE-E14A-42BA-9C22-EE445DAEEBF5}.Release|Any CPU.Build.0 = Release|Any CPU
		{1102BD8C-4E2D-410B-B995-FD421365A873}.Debug|Any CPU.ActiveCfg = Debug|Any CPU
		{1102BD8C-4E2D-410B-B995-FD421365A873}.Debug|Any CPU.Build.0 = Debug|Any CPU
		{1102BD8C-4E2D-410B-B995-FD421365A873}.Release|Any CPU.ActiveCfg = Release|Any CPU
		{1102BD8C-4E2D-410B-B995-FD421365A873}.Release|Any CPU.Build.0 = Release|Any CPU
		{5E5B2197-003E-439C-8DAE-08A6EE13BE52}.Debug|Any CPU.ActiveCfg = Debug|Any CPU
		{5E5B2197-003E-439C-8DAE-08A6EE13BE52}.Debug|Any CPU.Build.0 = Debug|Any CPU
		{5E5B2197-003E-439C-8DAE-08A6EE13BE52}.Release|Any CPU.ActiveCfg = Release|Any CPU
		{5E5B2197-003E-439C-8DAE-08A6EE13BE52}.Release|Any CPU.Build.0 = Release|Any CPU
	EndGlobalSection
	GlobalSection(SolutionProperties) = preSolution
		HideSolutionNode = FALSE
	EndGlobalSection
	GlobalSection(NestedProjects) = preSolution
		{7DDF2EBE-E14A-42BA-9C22-EE445DAEEBF5} = {C00870A1-A794-4141-B72C-8EBD950F3BC9}
		{8E0A7789-44D8-43A2-9A94-6E2F88621141} = {B2DAD80F-86D7-4EEA-82B0-A811588B1D6C}
		{1102BD8C-4E2D-410B-B995-FD421365A873} = {8E0A7789-44D8-43A2-9A94-6E2F88621141}
		{5E5B2197-003E-439C-8DAE-08A6EE13BE52} = {8E0A7789-44D8-43A2-9A94-6E2F88621141}
	EndGlobalSection
	GlobalSection(ExtensibilityGlobals) = postSolution
		SolutionGuid = {915D255B-8642-4648-9E0F-B2C711C5E239}
	EndGlobalSection
EndGlobal
